Microsoft Visual Studio Solution File, Format Version 11.00
# Visual Studio 2008

Project("{F19D36D6-2271-1761-CCB0-0B372056FCAB}") = "Unity-Yarp-Integration", "Assembly-CSharp-firstpass.csproj", "{CAFA6478-C48F-1CBA-44E1-E633E90379BE}"
EndProject
Project("{F19D36D6-2271-1761-CCB0-0B372056FCAB}") = "Unity-Yarp-Integration", "Assembly-CSharp.csproj", "{5AF4C839-7DC6-DDF1-6B25-82D2A9887B34}"
EndProject
Project("{F19D36D6-2271-1761-CCB0-0B372056FCAB}") = "Unity-Yarp-Integration", "Assembly-CSharp-Editor.csproj", "{72309FDE-61C9-119A-AF46-4F2E1A2265C3}"
EndProject
Global
	GlobalSection(SolutionConfigurationPlatforms) = preSolution
		Debug|Any CPU = Debug|Any CPU
		Release|Any CPU = Release|Any CPU
	EndGlobalSection
	GlobalSection(ProjectConfigurationPlatforms) = postSolution
		{CAFA6478-C48F-1CBA-44E1-E633E90379BE}.Debug|Any CPU.ActiveCfg = Debug|Any CPU
		{CAFA6478-C48F-1CBA-44E1-E633E90379BE}.Debug|Any CPU.Build.0 = Debug|Any CPU
		{CAFA6478-C48F-1CBA-44E1-E633E90379BE}.Release|Any CPU.ActiveCfg = Release|Any CPU
		{CAFA6478-C48F-1CBA-44E1-E633E90379BE}.Release|Any CPU.Build.0 = Release|Any CPU
		{5AF4C839-7DC6-DDF1-6B25-82D2A9887B34}.Debug|Any CPU.ActiveCfg = Debug|Any CPU
		{5AF4C839-7DC6-DDF1-6B25-82D2A9887B34}.Debug|Any CPU.Build.0 = Debug|Any CPU
		{5AF4C839-7DC6-DDF1-6B25-82D2A9887B34}.Release|Any CPU.ActiveCfg = Release|Any CPU
		{5AF4C839-7DC6-DDF1-6B25-82D2A9887B34}.Release|Any CPU.Build.0 = Release|Any CPU
		{72309FDE-61C9-119A-AF46-4F2E1A2265C3}.Debug|Any CPU.ActiveCfg = Debug|Any CPU
		{72309FDE-61C9-119A-AF46-4F2E1A2265C3}.Debug|Any CPU.Build.0 = Debug|Any CPU
		{72309FDE-61C9-119A-AF46-4F2E1A2265C3}.Release|Any CPU.ActiveCfg = Release|Any CPU
		{72309FDE-61C9-119A-AF46-4F2E1A2265C3}.Release|Any CPU.Build.0 = Release|Any CPU
	EndGlobalSection
	GlobalSection(SolutionProperties) = preSolution
		HideSolutionNode = FALSE
	EndGlobalSection
																																										GlobalSection(MonoDevelopProperties) = preSolution
		StartupItem = Assembly-CSharp.csproj
		Policies = $0
		$0.TextStylePolicy = $1
		$1.inheritsSet = null
		$1.scope = text/x-csharp
		$0.CSharpFormattingPolicy = $2
		$2.inheritsSet = Mono
		$2.inheritsScope = text/x-csharp
		$2.scope = text/x-csharp
		$0.TextStylePolicy = $3
		$3.FileWidth = 120
		$3.TabWidth = 4
		$3.IndentWidth = 4
		$3.EolMarker = Unix
		$3.inheritsSet = Mono
		$3.inheritsScope = text/plain
		$3.scope = text/plain
	EndGlobalSection

EndGlobal
